// !$*UTF8*$!
{
	archiveVersion = 1;
	classes = {
	};
	objectVersion = 56;
	objects = {

/* Begin PBXBuildFile section */
		59B6B1702BEE76BD00C641E5 /* Home.swift in Sources */ = {isa = PBXBuildFile; fileRef = 59B6B16F2BEE76BD00C641E5 /* Home.swift */; };
		59B6B1722BEE775900C641E5 /* LoopingScrollView.swift in Sources */ = {isa = PBXBuildFile; fileRef = 59B6B1712BEE775900C641E5 /* LoopingScrollView.swift */; };
		59B6B1742BEE77C200C641E5 /* Models.swift in Sources */ = {isa = PBXBuildFile; fileRef = 59B6B1732BEE77C200C641E5 /* Models.swift */; };
		59DA1A322BF2A00F00F5FB4D /* 8-bit fortress.ttf in Resources */ = {isa = PBXBuildFile; fileRef = 59DA1A312BF2A00F00F5FB4D /* 8-bit fortress.ttf */; };
		59DA1A332BF2A00F00F5FB4D /* 8-bit fortress.ttf in Resources */ = {isa = PBXBuildFile; fileRef = 59DA1A312BF2A00F00F5FB4D /* 8-bit fortress.ttf */; };
		59DA1A342BF2A00F00F5FB4D /* 8-bit fortress.ttf in Resources */ = {isa = PBXBuildFile; fileRef = 59DA1A312BF2A00F00F5FB4D /* 8-bit fortress.ttf */; };
		59DA1A362BF2A08400F5FB4D /* PixelOperator8.ttf in Resources */ = {isa = PBXBuildFile; fileRef = 59DA1A352BF2A08400F5FB4D /* PixelOperator8.ttf */; };
		59DA1A372BF2A08400F5FB4D /* PixelOperator8.ttf in Resources */ = {isa = PBXBuildFile; fileRef = 59DA1A352BF2A08400F5FB4D /* PixelOperator8.ttf */; };
		59DA1A382BF2A08400F5FB4D /* PixelOperator8.ttf in Resources */ = {isa = PBXBuildFile; fileRef = 59DA1A352BF2A08400F5FB4D /* PixelOperator8.ttf */; };
		59DA1A3B2BF2A2B700F5FB4D /* PixelOperator-Bold.ttf in Resources */ = {isa = PBXBuildFile; fileRef = 59DA1A3A2BF2A2B700F5FB4D /* PixelOperator-Bold.ttf */; };
		59E4FC602BEEC1BA00B118F9 /* LoopingScrollView2.swift in Sources */ = {isa = PBXBuildFile; fileRef = 59E4FC5F2BEEC1BA00B118F9 /* LoopingScrollView2.swift */; };
		59E4FC622BEEC1C600B118F9 /* LoopingScrollView3.swift in Sources */ = {isa = PBXBuildFile; fileRef = 59E4FC612BEEC1C600B118F9 /* LoopingScrollView3.swift */; };
		59E971AA2BED81E700BC2975 /* DiceApp.swift in Sources */ = {isa = PBXBuildFile; fileRef = 59E971A92BED81E700BC2975 /* DiceApp.swift */; };
		59E971AC2BED81E700BC2975 /* ContentView.swift in Sources */ = {isa = PBXBuildFile; fileRef = 59E971AB2BED81E700BC2975 /* ContentView.swift */; };
		59E971AE2BED81E700BC2975 /* Assets.xcassets in Resources */ = {isa = PBXBuildFile; fileRef = 59E971AD2BED81E700BC2975 /* Assets.xcassets */; };
		59E971B12BED81E700BC2975 /* Preview Assets.xcassets in Resources */ = {isa = PBXBuildFile; fileRef = 59E971B02BED81E700BC2975 /* Preview Assets.xcassets */; };
		59E971B32BED81E700BC2975 /* Persistence.swift in Sources */ = {isa = PBXBuildFile; fileRef = 59E971B22BED81E700BC2975 /* Persistence.swift */; };
		59E971B62BED81E700BC2975 /* Dice.xcdatamodeld in Sources */ = {isa = PBXBuildFile; fileRef = 59E971B42BED81E700BC2975 /* Dice.xcdatamodeld */; };
		59E971C02BED81E800BC2975 /* DiceTests.swift in Sources */ = {isa = PBXBuildFile; fileRef = 59E971BF2BED81E800BC2975 /* DiceTests.swift */; };
		59E971CA2BED81E800BC2975 /* DiceUITests.swift in Sources */ = {isa = PBXBuildFile; fileRef = 59E971C92BED81E800BC2975 /* DiceUITests.swift */; };
		59E971CC2BED81E800BC2975 /* DiceUITestsLaunchTests.swift in Sources */ = {isa = PBXBuildFile; fileRef = 59E971CB2BED81E800BC2975 /* DiceUITestsLaunchTests.swift */; };
/* End PBXBuildFile section */

/* Begin PBXContainerItemProxy section */
		59E971BC2BED81E800BC2975 /* PBXContainerItemProxy */ = {
			isa = PBXContainerItemProxy;
			containerPortal = 59E9719E2BED81E700BC2975 /* Project object */;
			proxyType = 1;
			remoteGlobalIDString = 59E971A52BED81E700BC2975;
			remoteInfo = Dice;
		};
		59E971C62BED81E800BC2975 /* PBXContainerItemProxy */ = {
			isa = PBXContainerItemProxy;
			containerPortal = 59E9719E2BED81E700BC2975 /* Project object */;
			proxyType = 1;
			remoteGlobalIDString = 59E971A52BED81E700BC2975;
			remoteInfo = Dice;
		};
/* End PBXContainerItemProxy section */

/* Begin PBXFileReference section */
		59B6B16F2BEE76BD00C641E5 /* Home.swift */ = {isa = PBXFileReference; lastKnownFileType = sourcecode.swift; path = Home.swift; sourceTree = "<group>"; };
		59B6B1712BEE775900C641E5 /* LoopingScrollView.swift */ = {isa = PBXFileReference; lastKnownFileType = sourcecode.swift; path = LoopingScrollView.swift; sourceTree = "<group>"; };
		59B6B1732BEE77C200C641E5 /* Models.swift */ = {isa = PBXFileReference; lastKnownFileType = sourcecode.swift; path = Models.swift; sourceTree = "<group>"; };
		59DA1A312BF2A00F00F5FB4D /* 8-bit fortress.ttf */ = {isa = PBXFileReference; lastKnownFileType = file; path = "8-bit fortress.ttf"; sourceTree = "<group>"; };
		59DA1A352BF2A08400F5FB4D /* PixelOperator8.ttf */ = {isa = PBXFileReference; lastKnownFileType = file; path = PixelOperator8.ttf; sourceTree = "<group>"; };
		59DA1A392BF2A0D400F5FB4D /* Info.plist */ = {isa = PBXFileReference; lastKnownFileType = text.plist; path = Info.plist; sourceTree = "<group>"; };
		59DA1A3A2BF2A2B700F5FB4D /* PixelOperator-Bold.ttf */ = {isa = PBXFileReference; lastKnownFileType = file; path = "PixelOperator-Bold.ttf"; sourceTree = "<group>"; };
		59E4FC5F2BEEC1BA00B118F9 /* LoopingScrollView2.swift */ = {isa = PBXFileReference; lastKnownFileType = sourcecode.swift; path = LoopingScrollView2.swift; sourceTree = "<group>"; };
		59E4FC612BEEC1C600B118F9 /* LoopingScrollView3.swift */ = {isa = PBXFileReference; lastKnownFileType = sourcecode.swift; path = LoopingScrollView3.swift; sourceTree = "<group>"; };
		59E971A62BED81E700BC2975 /* Dice.app */ = {isa = PBXFileReference; explicitFileType = wrapper.application; includeInIndex = 0; path = Dice.app; sourceTree = BUILT_PRODUCTS_DIR; };
		59E971A92BED81E700BC2975 /* DiceApp.swift */ = {isa = PBXFileReference; lastKnownFileType = sourcecode.swift; path = DiceApp.swift; sourceTree = "<group>"; };
		59E971AB2BED81E700BC2975 /* ContentView.swift */ = {isa = PBXFileReference; lastKnownFileType = sourcecode.swift; path = ContentView.swift; sourceTree = "<group>"; };
		59E971AD2BED81E700BC2975 /* Assets.xcassets */ = {isa = PBXFileReference; lastKnownFileType = folder.assetcatalog; path = Assets.xcassets; sourceTree = "<group>"; };
		59E971B02BED81E700BC2975 /* Preview Assets.xcassets */ = {isa = PBXFileReference; lastKnownFileType = folder.assetcatalog; path = "Preview Assets.xcassets"; sourceTree = "<group>"; };
		59E971B22BED81E700BC2975 /* Persistence.swift */ = {isa = PBXFileReference; lastKnownFileType = sourcecode.swift; path = Persistence.swift; sourceTree = "<group>"; };
		59E971B52BED81E700BC2975 /* Dice.xcdatamodel */ = {isa = PBXFileReference; lastKnownFileType = wrapper.xcdatamodel; path = Dice.xcdatamodel; sourceTree = "<group>"; };
		59E971BB2BED81E800BC2975 /* DiceTests.xctest */ = {isa = PBXFileReference; explicitFileType = wrapper.cfbundle; includeInIndex = 0; path = DiceTests.xctest; sourceTree = BUILT_PRODUCTS_DIR; };
		59E971BF2BED81E800BC2975 /* DiceTests.swift */ = {isa = PBXFileReference; lastKnownFileType = sourcecode.swift; path = DiceTests.swift; sourceTree = "<group>"; };
		59E971C52BED81E800BC2975 /* DiceUITests.xctest */ = {isa = PBXFileReference; explicitFileType = wrapper.cfbundle; includeInIndex = 0; path = DiceUITests.xctest; sourceTree = BUILT_PRODUCTS_DIR; };
		59E971C92BED81E800BC2975 /* DiceUITests.swift */ = {isa = PBXFileReference; lastKnownFileType = sourcecode.swift; path = DiceUITests.swift; sourceTree = "<group>"; };
		59E971CB2BED81E800BC2975 /* DiceUITestsLaunchTests.swift */ = {isa = PBXFileReference; lastKnownFileType = sourcecode.swift; path = DiceUITestsLaunchTests.swift; sourceTree = "<group>"; };
/* End PBXFileReference section */

/* Begin PBXFrameworksBuildPhase section */
		59E971A32BED81E700BC2975 /* Frameworks */ = {
			isa = PBXFrameworksBuildPhase;
			buildActionMask = 2147483647;
			files = (
			);
			runOnlyForDeploymentPostprocessing = 0;
		};
		59E971B82BED81E800BC2975 /* Frameworks */ = {
			isa = PBXFrameworksBuildPhase;
			buildActionMask = 2147483647;
			files = (
			);
			runOnlyForDeploymentPostprocessing = 0;
		};
		59E971C22BED81E800BC2975 /* Frameworks */ = {
			isa = PBXFrameworksBuildPhase;
			buildActionMask = 2147483647;
			files = (
			);
			runOnlyForDeploymentPostprocessing = 0;
		};
/* End PBXFrameworksBuildPhase section */

/* Begin PBXGroup section */
		59DA1A302BF29FE100F5FB4D /* Font */ = {
			isa = PBXGroup;
			children = (
				59DA1A3A2BF2A2B700F5FB4D /* PixelOperator-Bold.ttf */,
				59DA1A352BF2A08400F5FB4D /* PixelOperator8.ttf */,
				59DA1A312BF2A00F00F5FB4D /* 8-bit fortress.ttf */,
			);
			path = Font;
			sourceTree = "<group>";
		};
		59E9719D2BED81E700BC2975 = {
			isa = PBXGroup;
			children = (
				59E971A82BED81E700BC2975 /* Dice */,
				59E971BE2BED81E800BC2975 /* DiceTests */,
				59E971C82BED81E800BC2975 /* DiceUITests */,
				59E971A72BED81E700BC2975 /* Products */,
			);
			sourceTree = "<group>";
		};
		59E971A72BED81E700BC2975 /* Products */ = {
			isa = PBXGroup;
			children = (
				59E971A62BED81E700BC2975 /* Dice.app */,
				59E971BB2BED81E800BC2975 /* DiceTests.xctest */,
				59E971C52BED81E800BC2975 /* DiceUITests.xctest */,
			);
			name = Products;
			sourceTree = "<group>";
		};
		59E971A82BED81E700BC2975 /* Dice */ = {
			isa = PBXGroup;
			children = (
				59DA1A392BF2A0D400F5FB4D /* Info.plist */,
				59DA1A302BF29FE100F5FB4D /* Font */,
				59E4FC612BEEC1C600B118F9 /* LoopingScrollView3.swift */,
				59E4FC5F2BEEC1BA00B118F9 /* LoopingScrollView2.swift */,
				59B6B1732BEE77C200C641E5 /* Models.swift */,
				59B6B1712BEE775900C641E5 /* LoopingScrollView.swift */,
				59E971A92BED81E700BC2975 /* DiceApp.swift */,
				59E971AB2BED81E700BC2975 /* ContentView.swift */,
				59E971AD2BED81E700BC2975 /* Assets.xcassets */,
				59E971B22BED81E700BC2975 /* Persistence.swift */,
				59E971B42BED81E700BC2975 /* Dice.xcdatamodeld */,
				59E971AF2BED81E700BC2975 /* Preview Content */,
				59B6B16F2BEE76BD00C641E5 /* Home.swift */,
			);
			path = Dice;
			sourceTree = "<group>";
		};
		59E971AF2BED81E700BC2975 /* Preview Content */ = {
			isa = PBXGroup;
			children = (
				59E971B02BED81E700BC2975 /* Preview Assets.xcassets */,
			);
			path = "Preview Content";
			sourceTree = "<group>";
		};
		59E971BE2BED81E800BC2975 /* DiceTests */ = {
			isa = PBXGroup;
			children = (
				59E971BF2BED81E800BC2975 /* DiceTests.swift */,
			);
			path = DiceTests;
			sourceTree = "<group>";
		};
		59E971C82BED81E800BC2975 /* DiceUITests */ = {
			isa = PBXGroup;
			children = (
				59E971C92BED81E800BC2975 /* DiceUITests.swift */,
				59E971CB2BED81E800BC2975 /* DiceUITestsLaunchTests.swift */,
			);
			path = DiceUITests;
			sourceTree = "<group>";
		};
/* End PBXGroup section */

/* Begin PBXNativeTarget section */
		59E971A52BED81E700BC2975 /* Dice */ = {
			isa = PBXNativeTarget;
			buildConfigurationList = 59E971CF2BED81E800BC2975 /* Build configuration list for PBXNativeTarget "Dice" */;
			buildPhases = (
				59E971A22BED81E700BC2975 /* Sources */,
				59E971A32BED81E700BC2975 /* Frameworks */,
				59E971A42BED81E700BC2975 /* Resources */,
			);
			buildRules = (
			);
			dependencies = (
			);
			name = Dice;
			productName = Dice;
			productReference = 59E971A62BED81E700BC2975 /* Dice.app */;
			productType = "com.apple.product-type.application";
		};
		59E971BA2BED81E800BC2975 /* DiceTests */ = {
			isa = PBXNativeTarget;
			buildConfigurationList = 59E971D22BED81E800BC2975 /* Build configuration list for PBXNativeTarget "DiceTests" */;
			buildPhases = (
				59E971B72BED81E800BC2975 /* Sources */,
				59E971B82BED81E800BC2975 /* Frameworks */,
				59E971B92BED81E800BC2975 /* Resources */,
			);
			buildRules = (
			);
			dependencies = (
				59E971BD2BED81E800BC2975 /* PBXTargetDependency */,
			);
			name = DiceTests;
			productName = DiceTests;
			productReference = 59E971BB2BED81E800BC2975 /* DiceTests.xctest */;
			productType = "com.apple.product-type.bundle.unit-test";
		};
		59E971C42BED81E800BC2975 /* DiceUITests */ = {
			isa = PBXNativeTarget;
			buildConfigurationList = 59E971D52BED81E800BC2975 /* Build configuration list for PBXNativeTarget "DiceUITests" */;
			buildPhases = (
				59E971C12BED81E800BC2975 /* Sources */,
				59E971C22BED81E800BC2975 /* Frameworks */,
				59E971C32BED81E800BC2975 /* Resources */,
			);
			buildRules = (
			);
			dependencies = (
				59E971C72BED81E800BC2975 /* PBXTargetDependency */,
			);
			name = DiceUITests;
			productName = DiceUITests;
			productReference = 59E971C52BED81E800BC2975 /* DiceUITests.xctest */;
			productType = "com.apple.product-type.bundle.ui-testing";
		};
/* End PBXNativeTarget section */

/* Begin PBXProject section */
		59E9719E2BED81E700BC2975 /* Project object */ = {
			isa = PBXProject;
			attributes = {
				BuildIndependentTargetsInParallel = 1;
				LastSwiftUpdateCheck = 1530;
				LastUpgradeCheck = 1530;
				TargetAttributes = {
					59E971A52BED81E700BC2975 = {
						CreatedOnToolsVersion = 15.3;
					};
					59E971BA2BED81E800BC2975 = {
						CreatedOnToolsVersion = 15.3;
						TestTargetID = 59E971A52BED81E700BC2975;
					};
					59E971C42BED81E800BC2975 = {
						CreatedOnToolsVersion = 15.3;
						TestTargetID = 59E971A52BED81E700BC2975;
					};
				};
			};
			buildConfigurationList = 59E971A12BED81E700BC2975 /* Build configuration list for PBXProject "Dice" */;
			compatibilityVersion = "Xcode 14.0";
			developmentRegion = en;
			hasScannedForEncodings = 0;
			knownRegions = (
				en,
				Base,
			);
			mainGroup = 59E9719D2BED81E700BC2975;
			productRefGroup = 59E971A72BED81E700BC2975 /* Products */;
			projectDirPath = "";
			projectRoot = "";
			targets = (
				59E971A52BED81E700BC2975 /* Dice */,
				59E971BA2BED81E800BC2975 /* DiceTests */,
				59E971C42BED81E800BC2975 /* DiceUITests */,
			);
		};
/* End PBXProject section */

/* Begin PBXResourcesBuildPhase section */
		59E971A42BED81E700BC2975 /* Resources */ = {
			isa = PBXResourcesBuildPhase;
			buildActionMask = 2147483647;
			files = (
				59DA1A362BF2A08400F5FB4D /* PixelOperator8.ttf in Resources */,
				59E971B12BED81E700BC2975 /* Preview Assets.xcassets in Resources */,
				59E971AE2BED81E700BC2975 /* Assets.xcassets in Resources */,
				59DA1A322BF2A00F00F5FB4D /* 8-bit fortress.ttf in Resources */,
				59DA1A3B2BF2A2B700F5FB4D /* PixelOperator-Bold.ttf in Resources */,
			);
			runOnlyForDeploymentPostprocessing = 0;
		};
		59E971B92BED81E800BC2975 /* Resources */ = {
			isa = PBXResourcesBuildPhase;
			buildActionMask = 2147483647;
			files = (
				59DA1A372BF2A08400F5FB4D /* PixelOperator8.ttf in Resources */,
				59DA1A332BF2A00F00F5FB4D /* 8-bit fortress.ttf in Resources */,
			);
			runOnlyForDeploymentPostprocessing = 0;
		};
		59E971C32BED81E800BC2975 /* Resources */ = {
			isa = PBXResourcesBuildPhase;
			buildActionMask = 2147483647;
			files = (
				59DA1A382BF2A08400F5FB4D /* PixelOperator8.ttf in Resources */,
				59DA1A342BF2A00F00F5FB4D /* 8-bit fortress.ttf in Resources */,
			);
			runOnlyForDeploymentPostprocessing = 0;
		};
/* End PBXResourcesBuildPhase section */

/* Begin PBXSourcesBuildPhase section */
		59E971A22BED81E700BC2975 /* Sources */ = {
			isa = PBXSourcesBuildPhase;
			buildActionMask = 2147483647;
			files = (
				59E971B32BED81E700BC2975 /* Persistence.swift in Sources */,
				59E971AC2BED81E700BC2975 /* ContentView.swift in Sources */,
				59E4FC622BEEC1C600B118F9 /* LoopingScrollView3.swift in Sources */,
				59B6B1702BEE76BD00C641E5 /* Home.swift in Sources */,
				59E971B62BED81E700BC2975 /* Dice.xcdatamodeld in Sources */,
				59B6B1722BEE775900C641E5 /* LoopingScrollView.swift in Sources */,
				59E971AA2BED81E700BC2975 /* DiceApp.swift in Sources */,
				59B6B1742BEE77C200C641E5 /* Models.swift in Sources */,
				59E4FC602BEEC1BA00B118F9 /* LoopingScrollView2.swift in Sources */,
			);
			runOnlyForDeploymentPostprocessing = 0;
		};
		59E971B72BED81E800BC2975 /* Sources */ = {
			isa = PBXSourcesBuildPhase;
			buildActionMask = 2147483647;
			files = (
				59E971C02BED81E800BC2975 /* DiceTests.swift in Sources */,
			);
			runOnlyForDeploymentPostprocessing = 0;
		};
		59E971C12BED81E800BC2975 /* Sources */ = {
			isa = PBXSourcesBuildPhase;
			buildActionMask = 2147483647;
			files = (
				59E971CA2BED81E800BC2975 /* DiceUITests.swift in Sources */,
				59E971CC2BED81E800BC2975 /* DiceUITestsLaunchTests.swift in Sources */,
			);
			runOnlyForDeploymentPostprocessing = 0;
		};
/* End PBXSourcesBuildPhase section */

/* Begin PBXTargetDependency section */
		59E971BD2BED81E800BC2975 /* PBXTargetDependency */ = {
			isa = PBXTargetDependency;
			target = 59E971A52BED81E700BC2975 /* Dice */;
			targetProxy = 59E971BC2BED81E800BC2975 /* PBXContainerItemProxy */;
		};
		59E971C72BED81E800BC2975 /* PBXTargetDependency */ = {
			isa = PBXTargetDependency;
			target = 59E971A52BED81E700BC2975 /* Dice */;
			targetProxy = 59E971C62BED81E800BC2975 /* PBXContainerItemProxy */;
		};
/* End PBXTargetDependency section */

/* Begin XCBuildConfiguration section */
		59E971CD2BED81E800BC2975 /* Debug */ = {
			isa = XCBuildConfiguration;
			buildSettings = {
				ALWAYS_SEARCH_USER_PATHS = NO;
				ASSETCATALOG_COMPILER_GENERATE_SWIFT_ASSET_SYMBOL_EXTENSIONS = YES;
				CLANG_ANALYZER_NONNULL = YES;
				CLANG_ANALYZER_NUMBER_OBJECT_CONVERSION = YES_AGGRESSIVE;
				CLANG_CXX_LANGUAGE_STANDARD = "gnu++20";
				CLANG_ENABLE_MODULES = YES;
				CLANG_ENABLE_OBJC_ARC = YES;
				CLANG_ENABLE_OBJC_WEAK = YES;
				CLANG_WARN_BLOCK_CAPTURE_AUTORELEASING = YES;
				CLANG_WARN_BOOL_CONVERSION = YES;
				CLANG_WARN_COMMA = YES;
				CLANG_WARN_CONSTANT_CONVERSION = YES;
				CLANG_WARN_DEPRECATED_OBJC_IMPLEMENTATIONS = YES;
				CLANG_WARN_DIRECT_OBJC_ISA_USAGE = YES_ERROR;
				CLANG_WARN_DOCUMENTATION_COMMENTS = YES;
				CLANG_WARN_EMPTY_BODY = YES;
				CLANG_WARN_ENUM_CONVERSION = YES;
				CLANG_WARN_INFINITE_RECURSION = YES;
				CLANG_WARN_INT_CONVERSION = YES;
				CLANG_WARN_NON_LITERAL_NULL_CONVERSION = YES;
				CLANG_WARN_OBJC_IMPLICIT_RETAIN_SELF = YES;
				CLANG_WARN_OBJC_LITERAL_CONVERSION = YES;
				CLANG_WARN_OBJC_ROOT_CLASS = YES_ERROR;
				CLANG_WARN_QUOTED_INCLUDE_IN_FRAMEWORK_HEADER = YES;
				CLANG_WARN_RANGE_LOOP_ANALYSIS = YES;
				CLANG_WARN_STRICT_PROTOTYPES = YES;
				CLANG_WARN_SUSPICIOUS_MOVE = YES;
				CLANG_WARN_UNGUARDED_AVAILABILITY = YES_AGGRESSIVE;
				CLANG_WARN_UNREACHABLE_CODE = YES;
				CLANG_WARN__DUPLICATE_METHOD_MATCH = YES;
				COPY_PHASE_STRIP = NO;
				DEBUG_INFORMATION_FORMAT = dwarf;
				ENABLE_STRICT_OBJC_MSGSEND = YES;
				ENABLE_TESTABILITY = YES;
				ENABLE_USER_SCRIPT_SANDBOXING = YES;
				GCC_C_LANGUAGE_STANDARD = gnu17;
				GCC_DYNAMIC_NO_PIC = NO;
				GCC_NO_COMMON_BLOCKS = YES;
				GCC_OPTIMIZATION_LEVEL = 0;
				GCC_PREPROCESSOR_DEFINITIONS = (
					"DEBUG=1",
					"$(inherited)",
				);
				GCC_WARN_64_TO_32_BIT_CONVERSION = YES;
				GCC_WARN_ABOUT_RETURN_TYPE = YES_ERROR;
				GCC_WARN_UNDECLARED_SELECTOR = YES;
				GCC_WARN_UNINITIALIZED_AUTOS = YES_AGGRESSIVE;
				GCC_WARN_UNUSED_FUNCTION = YES;
				GCC_WARN_UNUSED_VARIABLE = YES;
				IPHONEOS_DEPLOYMENT_TARGET = 17.4;
				LOCALIZATION_PREFERS_STRING_CATALOGS = YES;
				MTL_ENABLE_DEBUG_INFO = INCLUDE_SOURCE;
				MTL_FAST_MATH = YES;
				ONLY_ACTIVE_ARCH = YES;
				SDKROOT = iphoneos;
				SWIFT_ACTIVE_COMPILATION_CONDITIONS = "DEBUG $(inherited)";
				SWIFT_OPTIMIZATION_LEVEL = "-Onone";
			};
			name = Debug;
		};
		59E971CE2BED81E800BC2975 /* Release */ = {
			isa = XCBuildConfiguration;
			buildSettings = {
				ALWAYS_SEARCH_USER_PATHS = NO;
				ASSETCATALOG_COMPILER_GENERATE_SWIFT_ASSET_SYMBOL_EXTENSIONS = YES;
				CLANG_ANALYZER_NONNULL = YES;
				CLANG_ANALYZER_NUMBER_OBJECT_CONVERSION = YES_AGGRESSIVE;
				CLANG_CXX_LANGUAGE_STANDARD = "gnu++20";
				CLANG_ENABLE_MODULES = YES;
				CLANG_ENABLE_OBJC_ARC = YES;
				CLANG_ENABLE_OBJC_WEAK = YES;
				CLANG_WARN_BLOCK_CAPTURE_AUTORELEASING = YES;
				CLANG_WARN_BOOL_CONVERSION = YES;
				CLANG_WARN_COMMA = YES;
				CLANG_WARN_CONSTANT_CONVERSION = YES;
				CLANG_WARN_DEPRECATED_OBJC_IMPLEMENTATIONS = YES;
				CLANG_WARN_DIRECT_OBJC_ISA_USAGE = YES_ERROR;
				CLANG_WARN_DOCUMENTATION_COMMENTS = YES;
				CLANG_WARN_EMPTY_BODY = YES;
				CLANG_WARN_ENUM_CONVERSION = YES;
				CLANG_WARN_INFINITE_RECURSION = YES;
				CLANG_WARN_INT_CONVERSION = YES;
				CLANG_WARN_NON_LITERAL_NULL_CONVERSION = YES;
				CLANG_WARN_OBJC_IMPLICIT_RETAIN_SELF = YES;
				CLANG_WARN_OBJC_LITERAL_CONVERSION = YES;
				CLANG_WARN_OBJC_ROOT_CLASS = YES_ERROR;
				CLANG_WARN_QUOTED_INCLUDE_IN_FRAMEWORK_HEADER = YES;
				CLANG_WARN_RANGE_LOOP_ANALYSIS = YES;
				CLANG_WARN_STRICT_PROTOTYPES = YES;
				CLANG_WARN_SUSPICIOUS_MOVE = YES;
				CLANG_WARN_UNGUARDED_AVAILABILITY = YES_AGGRESSIVE;
				CLANG_WARN_UNREACHABLE_CODE = YES;
				CLANG_WARN__DUPLICATE_METHOD_MATCH = YES;
				COPY_PHASE_STRIP = NO;
				DEBUG_INFORMATION_FORMAT = "dwarf-with-dsym";
				ENABLE_NS_ASSERTIONS = NO;
				ENABLE_STRICT_OBJC_MSGSEND = YES;
				ENABLE_USER_SCRIPT_SANDBOXING = YES;
				GCC_C_LANGUAGE_STANDARD = gnu17;
				GCC_NO_COMMON_BLOCKS = YES;
				GCC_WARN_64_TO_32_BIT_CONVERSION = YES;
				GCC_WARN_ABOUT_RETURN_TYPE = YES_ERROR;
				GCC_WARN_UNDECLARED_SELECTOR = YES;
				GCC_WARN_UNINITIALIZED_AUTOS = YES_AGGRESSIVE;
				GCC_WARN_UNUSED_FUNCTION = YES;
				GCC_WARN_UNUSED_VARIABLE = YES;
				IPHONEOS_DEPLOYMENT_TARGET = 17.4;
				LOCALIZATION_PREFERS_STRING_CATALOGS = YES;
				MTL_ENABLE_DEBUG_INFO = NO;
				MTL_FAST_MATH = YES;
				SDKROOT = iphoneos;
				SWIFT_COMPILATION_MODE = wholemodule;
				VALIDATE_PRODUCT = YES;
			};
			name = Release;
		};
		59E971D02BED81E800BC2975 /* Debug */ = {
			isa = XCBuildConfiguration;
			buildSettings = {
				ASSETCATALOG_COMPILER_APPICON_NAME = AppIcon;
				ASSETCATALOG_COMPILER_GLOBAL_ACCENT_COLOR_NAME = AccentColor;
				CODE_SIGN_STYLE = Automatic;
				CURRENT_PROJECT_VERSION = 1;
				DEVELOPMENT_ASSET_PATHS = "\"Dice/Preview Content\"";
				DEVELOPMENT_TEAM = RDVTK69L6Q;
				ENABLE_PREVIEWS = YES;
				GENERATE_INFOPLIST_FILE = YES;
				INFOPLIST_FILE = Dice/Info.plist;
				INFOPLIST_KEY_UIApplicationSceneManifest_Generation = YES;
				INFOPLIST_KEY_UIApplicationSupportsIndirectInputEvents = YES;
				INFOPLIST_KEY_UILaunchScreen_Generation = YES;
				INFOPLIST_KEY_UISupportedInterfaceOrientations_iPad = "UIInterfaceOrientationPortrait UIInterfaceOrientationPortraitUpsideDown UIInterfaceOrientationLandscapeLeft UIInterfaceOrientationLandscapeRight";
				INFOPLIST_KEY_UISupportedInterfaceOrientations_iPhone = "UIInterfaceOrientationPortrait UIInterfaceOrientationLandscapeLeft UIInterfaceOrientationLandscapeRight";
				LD_RUNPATH_SEARCH_PATHS = (
					"$(inherited)",
					"@executable_path/Frameworks",
				);
				MARKETING_VERSION = 1.0;
				PRODUCT_BUNDLE_IDENTIFIER = GreenEmpire.Dice;
				PRODUCT_NAME = "$(TARGET_NAME)";
				SWIFT_EMIT_LOC_STRINGS = YES;
				SWIFT_VERSION = 5.0;
				TARGETED_DEVICE_FAMILY = "1,2";
			};
			name = Debug;
		};
		59E971D12BED81E800BC2975 /* Release */ = {
			isa = XCBuildConfiguration;
			buildSettings = {
				ASSETCATALOG_COMPILER_APPICON_NAME = AppIcon;
				ASSETCATALOG_COMPILER_GLOBAL_ACCENT_COLOR_NAME = AccentColor;
				CODE_SIGN_STYLE = Automatic;
				CURRENT_PROJECT_VERSION = 1;
				DEVELOPMENT_ASSET_PATHS = "\"Dice/Preview Content\"";
				DEVELOPMENT_TEAM = RDVTK69L6Q;
				ENABLE_PREVIEWS = YES;
				GENERATE_INFOPLIST_FILE = YES;
				INFOPLIST_FILE = Dice/Info.plist;
				INFOPLIST_KEY_UIApplicationSceneManifest_Generation = YES;
				INFOPLIST_KEY_UIApplicationSupportsIndirectInputEvents = YES;
				INFOPLIST_KEY_UILaunchScreen_Generation = YES;
				INFOPLIST_KEY_UISupportedInterfaceOrientations_iPad = "UIInterfaceOrientationPortrait UIInterfaceOrientationPortraitUpsideDown UIInterfaceOrientationLandscapeLeft UIInterfaceOrientationLandscapeRight";
				INFOPLIST_KEY_UISupportedInterfaceOrientations_iPhone = "UIInterfaceOrientationPortrait UIInterfaceOrientationLandscapeLeft UIInterfaceOrientationLandscapeRight";
				LD_RUNPATH_SEARCH_PATHS = (
					"$(inherited)",
					"@executable_path/Frameworks",
				);
				MARKETING_VERSION = 1.0;
				PRODUCT_BUNDLE_IDENTIFIER = GreenEmpire.Dice;
				PRODUCT_NAME = "$(TARGET_NAME)";
				SWIFT_EMIT_LOC_STRINGS = YES;
				SWIFT_VERSION = 5.0;
				TARGETED_DEVICE_FAMILY = "1,2";
			};
			name = Release;
		};
		59E971D32BED81E800BC2975 /* Debug */ = {
			isa = XCBuildConfiguration;
			buildSettings = {
				ALWAYS_EMBED_SWIFT_STANDARD_LIBRARIES = YES;
				BUNDLE_LOADER = "$(TEST_HOST)";
				CODE_SIGN_STYLE = Automatic;
				CURRENT_PROJECT_VERSION = 1;
				DEVELOPMENT_TEAM = RDVTK69L6Q;
				GENERATE_INFOPLIST_FILE = YES;
				IPHONEOS_DEPLOYMENT_TARGET = 17.4;
				MARKETING_VERSION = 1.0;
				PRODUCT_BUNDLE_IDENTIFIER = GreenEmpire.DiceTests;
				PRODUCT_NAME = "$(TARGET_NAME)";
				SWIFT_EMIT_LOC_STRINGS = NO;
				SWIFT_VERSION = 5.0;
				TARGETED_DEVICE_FAMILY = "1,2";
				TEST_HOST = "$(BUILT_PRODUCTS_DIR)/Dice.app/$(BUNDLE_EXECUTABLE_FOLDER_PATH)/Dice";
			};
			name = Debug;
		};
		59E971D42BED81E800BC2975 /* Release */ = {
			isa = XCBuildConfiguration;
			buildSettings = {
				ALWAYS_EMBED_SWIFT_STANDARD_LIBRARIES = YES;
				BUNDLE_LOADER = "$(TEST_HOST)";
				CODE_SIGN_STYLE = Automatic;
				CURRENT_PROJECT_VERSION = 1;
				DEVELOPMENT_TEAM = RDVTK69L6Q;
				GENERATE_INFOPLIST_FILE = YES;
				IPHONEOS_DEPLOYMENT_TARGET = 17.4;
				MARKETING_VERSION = 1.0;
				PRODUCT_BUNDLE_IDENTIFIER = GreenEmpire.DiceTests;
				PRODUCT_NAME = "$(TARGET_NAME)";
				SWIFT_EMIT_LOC_STRINGS = NO;
				SWIFT_VERSION = 5.0;
				TARGETED_DEVICE_FAMILY = "1,2";
				TEST_HOST = "$(BUILT_PRODUCTS_DIR)/Dice.app/$(BUNDLE_EXECUTABLE_FOLDER_PATH)/Dice";
			};
			name = Release;
		};
		59E971D62BED81E800BC2975 /* Debug */ = {
			isa = XCBuildConfiguration;
			buildSettings = {
				ALWAYS_EMBED_SWIFT_STANDARD_LIBRARIES = YES;
				CODE_SIGN_STYLE = Automatic;
				CURRENT_PROJECT_VERSION = 1;
				DEVELOPMENT_TEAM = RDVTK69L6Q;
				GENERATE_INFOPLIST_FILE = YES;
				MARKETING_VERSION = 1.0;
				PRODUCT_BUNDLE_IDENTIFIER = GreenEmpire.DiceUITests;
				PRODUCT_NAME = "$(TARGET_NAME)";
				SWIFT_EMIT_LOC_STRINGS = NO;
				SWIFT_VERSION = 5.0;
				TARGETED_DEVICE_FAMILY = "1,2";
				TEST_TARGET_NAME = Dice;
			};
			name = Debug;
		};
		59E971D72BED81E800BC2975 /* Release */ = {
			isa = XCBuildConfiguration;
			buildSettings = {
				ALWAYS_EMBED_SWIFT_STANDARD_LIBRARIES = YES;
				CODE_SIGN_STYLE = Automatic;
				CURRENT_PROJECT_VERSION = 1;
				DEVELOPMENT_TEAM = RDVTK69L6Q;
				GENERATE_INFOPLIST_FILE = YES;
				MARKETING_VERSION = 1.0;
				PRODUCT_BUNDLE_IDENTIFIER = GreenEmpire.DiceUITests;
				PRODUCT_NAME = "$(TARGET_NAME)";
				SWIFT_EMIT_LOC_STRINGS = NO;
				SWIFT_VERSION = 5.0;
				TARGETED_DEVICE_FAMILY = "1,2";
				TEST_TARGET_NAME = Dice;
			};
			name = Release;
		};
/* End XCBuildConfiguration section */

/* Begin XCConfigurationList section */
		59E971A12BED81E700BC2975 /* Build configuration list for PBXProject "Dice" */ = {
			isa = XCConfigurationList;
			buildConfigurations = (
				59E971CD2BED81E800BC2975 /* Debug */,
				59E971CE2BED81E800BC2975 /* Release */,
			);
			defaultConfigurationIsVisible = 0;
			defaultConfigurationName = Release;
		};
		59E971CF2BED81E800BC2975 /* Build configuration list for PBXNativeTarget "Dice" */ = {
			isa = XCConfigurationList;
			buildConfigurations = (
				59E971D02BED81E800BC2975 /* Debug */,
				59E971D12BED81E800BC2975 /* Release */,
			);
			defaultConfigurationIsVisible = 0;
			defaultConfigurationName = Release;
		};
		59E971D22BED81E800BC2975 /* Build configuration list for PBXNativeTarget "DiceTests" */ = {
			isa = XCConfigurationList;
			buildConfigurations = (
				59E971D32BED81E800BC2975 /* Debug */,
				59E971D42BED81E800BC2975 /* Release */,
			);
			defaultConfigurationIsVisible = 0;
			defaultConfigurationName = Release;
		};
		59E971D52BED81E800BC2975 /* Build configuration list for PBXNativeTarget "DiceUITests" */ = {
			isa = XCConfigurationList;
			buildConfigurations = (
				59E971D62BED81E800BC2975 /* Debug */,
				59E971D72BED81E800BC2975 /* Release */,
			);
			defaultConfigurationIsVisible = 0;
			defaultConfigurationName = Release;
		};
/* End XCConfigurationList section */

/* Begin XCVersionGroup section */
		59E971B42BED81E700BC2975 /* Dice.xcdatamodeld */ = {
			isa = XCVersionGroup;
			children = (
				59E971B52BED81E700BC2975 /* Dice.xcdatamodel */,
			);
			currentVersion = 59E971B52BED81E700BC2975 /* Dice.xcdatamodel */;
			path = Dice.xcdatamodeld;
			sourceTree = "<group>";
			versionGroupType = wrapper.xcdatamodel;
		};
/* End XCVersionGroup section */
	};
	rootObject = 59E9719E2BED81E700BC2975 /* Project object */;
}
